<?xml version="1.0" encoding="utf-8"?>
<Project ToolsVersion="4.0" xmlns="http://schemas.microsoft.com/developer/msbuild/2003">
  <ItemGroup>
    <Filter Include="Main">
      <UniqueIdentifier>{0f29f770-542f-401b-a370-c081d8947c08}</UniqueIdentifier>
    </Filter>
    <Filter Include="Smart_pointers">
      <UniqueIdentifier>{fe16d132-7c24-4014-aecf-5f9d80151412}</UniqueIdentifier>
    </Filter>
  </ItemGroup>
  <ItemGroup>
    <ClCompile Include="main.cpp">
      <Filter>Main</Filter>
    </ClCompile>
  </ItemGroup>
  <ItemGroup>
    <ClInclude Include="smart_pointers.h">
      <Filter>Smart_pointers</Filter>
    </ClInclude>
  </ItemGroup>
</Project>